<?xml version="1.0" encoding="utf-8"?>
<Project ToolsVersion="4.0" xmlns="http://schemas.microsoft.com/developer/msbuild/2003">
  <ItemGroup>
    <Filter Include="소스 파일">
      <UniqueIdentifier>{4FC737F1-C7A5-4376-A066-2A32D752A2FF}</UniqueIdentifier>
      <Extensions>cpp;c;cc;cxx;c++;cppm;ixx;def;odl;idl;hpj;bat;asm;asmx</Extensions>
    </Filter>
    <Filter Include="헤더 파일">
      <UniqueIdentifier>{93995380-89BD-4b04-88EB-625FBE52EBFB}</UniqueIdentifier>
      <Extensions>h;hh;hpp;hxx;h++;hm;inl;inc;ipp;xsd</Extensions>
    </Filter>
    <Filter Include="리소스 파일">
      <UniqueIdentifier>{67DA6AB6-F800-4c08-8B7A-83BB121AAD01}</UniqueIdentifier>
      <Extensions>rc;ico;cur;bmp;dlg;rc2;rct;bin;rgs;gif;jpg;jpeg;jpe;resx;tiff;tif;png;wav;mfcribbon-ms</Extensions>
    </Filter>
    <Filter Include="소스 파일\chapter1">
      <UniqueIdentifier>{7ab1aecb-73d5-4380-9551-93d89ffff96a}</UniqueIdentifier>
    </Filter>
    <Filter Include="헤더 파일\chapter1">
      <UniqueIdentifier>{874d3da4-6763-4c21-ab66-c49aecd66539}</UniqueIdentifier>
    </Filter>
    <Filter Include="소스 파일\chapter1\duck_behavior">
      <UniqueIdentifier>{2f3fabe8-442e-4da3-8b69-247ed5cf3cba}</UniqueIdentifier>
    </Filter>
    <Filter Include="소스 파일\chapter1\duck">
      <UniqueIdentifier>{54521bfe-7ca0-4944-ba15-24556738127c}</UniqueIdentifier>
    </Filter>
    <Filter Include="소스 파일\chapter2">
      <UniqueIdentifier>{4d5134e3-ba05-465d-b7ec-bc2da79d2c01}</UniqueIdentifier>
    </Filter>
    <Filter Include="헤더 파일\chapter2">
      <UniqueIdentifier>{5247065f-6893-4540-b648-15490dc87c57}</UniqueIdentifier>
    </Filter>
    <Filter Include="소스 파일\chapter2\weather_data">
      <UniqueIdentifier>{a74a0e51-c521-4506-8e43-040f4fd41487}</UniqueIdentifier>
    </Filter>
    <Filter Include="소스 파일\chapter2\display">
      <UniqueIdentifier>{b3da1ce0-bbbc-42d6-872f-48e7149b7395}</UniqueIdentifier>
    </Filter>
    <Filter Include="소스 파일\chapter3">
      <UniqueIdentifier>{ebd9a419-9be9-4991-bae0-6a3382afce4c}</UniqueIdentifier>
    </Filter>
    <Filter Include="헤더 파일\chapter3">
      <UniqueIdentifier>{07519034-a51e-49c7-b07d-b54264894ca8}</UniqueIdentifier>
    </Filter>
    <Filter Include="소스 파일\chapter3\beverage">
      <UniqueIdentifier>{a3e30a36-0a57-48e6-b03a-9019233918b8}</UniqueIdentifier>
    </Filter>
    <Filter Include="소스 파일\chapter3\decorator">
      <UniqueIdentifier>{b9bf702f-f19b-45a4-8827-bea68fe894bb}</UniqueIdentifier>
    </Filter>
    <Filter Include="소스 파일\chapter4">
      <UniqueIdentifier>{cd11abc1-24eb-4b2a-82af-1a8ae86423c1}</UniqueIdentifier>
    </Filter>
    <Filter Include="헤더 파일\chapter4">
      <UniqueIdentifier>{af0ec7ab-c747-4fbd-8b09-8c83826c1596}</UniqueIdentifier>
    </Filter>
    <Filter Include="소스 파일\chapter4\simple_factory">
      <UniqueIdentifier>{52d82d8e-be85-4985-a73a-c30c0c703ff5}</UniqueIdentifier>
    </Filter>
    <Filter Include="헤더 파일\chapter4\simple_factory">
      <UniqueIdentifier>{4d672adb-569b-4299-9121-aafe3572c50b}</UniqueIdentifier>
    </Filter>
    <Filter Include="헤더 파일\chapter4\factory_method">
      <UniqueIdentifier>{33156f2a-c83c-43ed-aea3-5dd219d3387c}</UniqueIdentifier>
    </Filter>
    <Filter Include="소스 파일\chapter4\factory_method">
      <UniqueIdentifier>{e29c48c2-2e62-4b47-a024-40eaba122d6c}</UniqueIdentifier>
    </Filter>
    <Filter Include="소스 파일\chapter4\factory_method\ny_style_pizza">
      <UniqueIdentifier>{39493332-a31d-4a38-bf63-4b2bdd8665bc}</UniqueIdentifier>
    </Filter>
    <Filter Include="소스 파일\chapter4\factory_method\chicago_style_pizza">
      <UniqueIdentifier>{958f7f2a-d26d-4ae6-9b9f-362dacb5d150}</UniqueIdentifier>
    </Filter>
    <Filter Include="헤더 파일\chapter4\abstract_pattern">
      <UniqueIdentifier>{6c8b239c-3a11-4f27-8add-d9f3ec53355e}</UniqueIdentifier>
    </Filter>
    <Filter Include="소스 파일\chapter4\abstract_factory">
      <UniqueIdentifier>{1553a119-77a7-4b2a-abb5-28ff92813a56}</UniqueIdentifier>
    </Filter>
    <Filter Include="소스 파일\chapter4\abstract_factory\pizza_ingredient">
      <UniqueIdentifier>{6094c610-1a5a-4935-b1b9-edc1e760be74}</UniqueIdentifier>
    </Filter>
    <Filter Include="소스 파일\chapter4\abstract_factory\pizza_ingredient_factory">
      <UniqueIdentifier>{bca0a484-a0ee-4307-80a8-24fbd29fd238}</UniqueIdentifier>
    </Filter>
    <Filter Include="소스 파일\chapter4\abstract_factory\pizza">
      <UniqueIdentifier>{1e38fc6b-22fb-4403-8dbb-f63375ce86a6}</UniqueIdentifier>
    </Filter>
    <Filter Include="소스 파일\chapter4\abstract_factory\pizza_store">
      <UniqueIdentifier>{d16adddb-bebf-471a-a5e4-9cbfff783d26}</UniqueIdentifier>
    </Filter>
  </ItemGroup>
  <ItemGroup>
    <ClCompile Include="main.cpp">
      <Filter>소스 파일</Filter>
    </ClCompile>
    <ClCompile Include="chapter1.cpp">
      <Filter>소스 파일\chapter1</Filter>
    </ClCompile>
    <ClCompile Include="chapter1_fly_with_wings.cpp">
      <Filter>소스 파일\chapter1\duck_behavior</Filter>
    </ClCompile>
    <ClCompile Include="chapter1_fly_no_way.cpp">
      <Filter>소스 파일\chapter1\duck_behavior</Filter>
    </ClCompile>
    <ClCompile Include="chapter1_quack.cpp">
      <Filter>소스 파일\chapter1\duck_behavior</Filter>
    </ClCompile>
    <ClCompile Include="chapter1_squeak.cpp">
      <Filter>소스 파일\chapter1\duck_behavior</Filter>
    </ClCompile>
    <ClCompile Include="chapter1_mute_quack.cpp">
      <Filter>소스 파일\chapter1\duck_behavior</Filter>
    </ClCompile>
    <ClCompile Include="chapter1_mallard_duck.cpp">
      <Filter>소스 파일\chapter1\duck</Filter>
    </ClCompile>
    <ClCompile Include="chapter1_decoy_duck.cpp">
      <Filter>소스 파일\chapter1\duck</Filter>
    </ClCompile>
    <ClCompile Include="chapter1_redhead_duck.cpp">
      <Filter>소스 파일\chapter1\duck</Filter>
    </ClCompile>
    <ClCompile Include="chapter1_rubber_duck.cpp">
      <Filter>소스 파일\chapter1\duck</Filter>
    </ClCompile>
    <ClCompile Include="chapter1_duck.cpp">
      <Filter>소스 파일\chapter1\duck</Filter>
    </ClCompile>
    <ClCompile Include="chapter1_fly_rocket_powered.cpp">
      <Filter>소스 파일\chapter1\duck_behavior</Filter>
    </ClCompile>
    <ClCompile Include="chapter2.cpp">
      <Filter>소스 파일\chapter2</Filter>
    </ClCompile>
    <ClCompile Include="chapter2_weather_data.cpp">
      <Filter>소스 파일\chapter2\weather_data</Filter>
    </ClCompile>
    <ClCompile Include="current_condition_display.cpp">
      <Filter>소스 파일\chapter2\display</Filter>
    </ClCompile>
    <ClCompile Include="statistics_display.cpp">
      <Filter>소스 파일\chapter2\display</Filter>
    </ClCompile>
    <ClCompile Include="forecast_display.cpp">
      <Filter>소스 파일\chapter2\display</Filter>
    </ClCompile>
    <ClCompile Include="heat_index_display.cpp">
      <Filter>소스 파일\chapter2\display</Filter>
    </ClCompile>
    <ClCompile Include="chapter3.cpp">
      <Filter>소스 파일\chapter3</Filter>
    </ClCompile>
    <ClCompile Include="house_blend.cpp">
      <Filter>소스 파일\chapter3\beverage</Filter>
    </ClCompile>
    <ClCompile Include="espresso.cpp">
      <Filter>소스 파일\chapter3\beverage</Filter>
    </ClCompile>
    <ClCompile Include="dark_roast.cpp">
      <Filter>소스 파일\chapter3\beverage</Filter>
    </ClCompile>
    <ClCompile Include="decaf.cpp">
      <Filter>소스 파일\chapter3\beverage</Filter>
    </ClCompile>
    <ClCompile Include="milk.cpp">
      <Filter>소스 파일\chapter3\decorator</Filter>
    </ClCompile>
    <ClCompile Include="mocha.cpp">
      <Filter>소스 파일\chapter3\decorator</Filter>
    </ClCompile>
    <ClCompile Include="soy.cpp">
      <Filter>소스 파일\chapter3\decorator</Filter>
    </ClCompile>
    <ClCompile Include="whip.cpp">
      <Filter>소스 파일\chapter3\decorator</Filter>
    </ClCompile>
    <ClCompile Include="chapter4.cpp">
      <Filter>소스 파일\chapter4</Filter>
    </ClCompile>
    <ClCompile Include="chapter4_simple_factory_pizza.cpp">
      <Filter>소스 파일\chapter4\simple_factory</Filter>
    </ClCompile>
    <ClCompile Include="chapter4_simple_factory_cheese_pizza.cpp">
      <Filter>소스 파일\chapter4\simple_factory</Filter>
    </ClCompile>
    <ClCompile Include="chapter4_simple_factory_veggie_pizza.cpp">
      <Filter>소스 파일\chapter4\simple_factory</Filter>
    </ClCompile>
    <ClCompile Include="chapter4_simple_factory_clam_pizza.cpp">
      <Filter>소스 파일\chapter4\simple_factory</Filter>
    </ClCompile>
    <ClCompile Include="chapter4_simple_factory_pepperoni_pizza.cpp">
      <Filter>소스 파일\chapter4\simple_factory</Filter>
    </ClCompile>
    <ClCompile Include="chapter4_simple_pizza_factory.cpp">
      <Filter>소스 파일\chapter4\simple_factory</Filter>
    </ClCompile>
    <ClCompile Include="chapter4_simple_factory_pizza_store.cpp">
      <Filter>소스 파일\chapter4\simple_factory</Filter>
    </ClCompile>
    <ClCompile Include="chapter4_factory_method_pizza.cpp">
      <Filter>소스 파일\chapter4\factory_method</Filter>
    </ClCompile>
    <ClCompile Include="chapter4_factory_method_pizza_store.cpp">
      <Filter>소스 파일\chapter4\factory_method</Filter>
    </ClCompile>
    <ClCompile Include="chapter4_factory_method_ny_pizza_store.cpp">
      <Filter>소스 파일\chapter4\factory_method</Filter>
    </ClCompile>
    <ClCompile Include="chapter4_factory_method_chicago_pizza_store.cpp">
      <Filter>소스 파일\chapter4\factory_method</Filter>
    </ClCompile>
    <ClCompile Include="chapter4_factory_method_ny_style_cheese_pizza.cpp">
      <Filter>소스 파일\chapter4\factory_method\ny_style_pizza</Filter>
    </ClCompile>
    <ClCompile Include="chapter4_factory_method_ny_style_clam_pizza.cpp">
      <Filter>소스 파일\chapter4\factory_method\ny_style_pizza</Filter>
    </ClCompile>
    <ClCompile Include="chapter4_factory_method_ny_style_pepperoni_pizza.cpp">
      <Filter>소스 파일\chapter4\factory_method\ny_style_pizza</Filter>
    </ClCompile>
    <ClCompile Include="chapter4_factory_method_ny_style_veggie_pizza.cpp">
      <Filter>소스 파일\chapter4\factory_method\ny_style_pizza</Filter>
    </ClCompile>
    <ClCompile Include="chapter4_factory_method_chicago_style_cheese_pizza.cpp">
      <Filter>소스 파일\chapter4\factory_method\chicago_style_pizza</Filter>
    </ClCompile>
    <ClCompile Include="chapter4_factory_method_chicago_style_clam_pizza.cpp">
      <Filter>소스 파일\chapter4\factory_method\chicago_style_pizza</Filter>
    </ClCompile>
    <ClCompile Include="chapter4_factory_method_chicago_style_pepperoni_pizza.cpp">
      <Filter>소스 파일\chapter4\factory_method\chicago_style_pizza</Filter>
    </ClCompile>
    <ClCompile Include="chapter4_factory_method_chicago_style_veggie_pizza.cpp">
      <Filter>소스 파일\chapter4\factory_method\chicago_style_pizza</Filter>
    </ClCompile>
    <ClCompile Include="chapter4_abstract_factory_ny_pizza_ingredient_factory.cpp">
      <Filter>소스 파일\chapter4\abstract_factory\pizza_ingredient_factory</Filter>
    </ClCompile>
    <ClCompile Include="chapter4_abstract_factory_chicago_pizza_ingredient_factory.cpp">
      <Filter>소스 파일\chapter4\abstract_factory\pizza_ingredient_factory</Filter>
    </ClCompile>
    <ClCompile Include="chapter4_abstract_factory_thick_crust_dough.cpp">
      <Filter>소스 파일\chapter4\abstract_factory\pizza_ingredient</Filter>
    </ClCompile>
    <ClCompile Include="chapter4_abstract_factory_thin_crust_dough.cpp">
      <Filter>소스 파일\chapter4\abstract_factory\pizza_ingredient</Filter>
    </ClCompile>
    <ClCompile Include="chapter4_abstract_factory_marinara_sauce.cpp">
      <Filter>소스 파일\chapter4\abstract_factory\pizza_ingredient</Filter>
    </ClCompile>
    <ClCompile Include="chapter4_abstract_factory_plum_tomato_sauce.cpp">
      <Filter>소스 파일\chapter4\abstract_factory\pizza_ingredient</Filter>
    </ClCompile>
    <ClCompile Include="chapter4_abstract_factory_mozzarella_cheese.cpp">
      <Filter>소스 파일\chapter4\abstract_factory\pizza_ingredient</Filter>
    </ClCompile>
    <ClCompile Include="chapter4_abstract_factory_parmesan_cheese.cpp">
      <Filter>소스 파일\chapter4\abstract_factory\pizza_ingredient</Filter>
    </ClCompile>
    <ClCompile Include="chapter4_abstract_factory_reggiano_cheese.cpp">
      <Filter>소스 파일\chapter4\abstract_factory\pizza_ingredient</Filter>
    </ClCompile>
    <ClCompile Include="chapter4_abstract_factory_black_olives.cpp">
      <Filter>소스 파일\chapter4\abstract_factory\pizza_ingredient</Filter>
    </ClCompile>
    <ClCompile Include="chapter4_abstract_factory_eggplant.cpp">
      <Filter>소스 파일\chapter4\abstract_factory\pizza_ingredient</Filter>
    </ClCompile>
    <ClCompile Include="chapter4_abstract_factory_garlic.cpp">
      <Filter>소스 파일\chapter4\abstract_factory\pizza_ingredient</Filter>
    </ClCompile>
    <ClCompile Include="chapter4_abstract_factory_mushroom.cpp">
      <Filter>소스 파일\chapter4\abstract_factory\pizza_ingredient</Filter>
    </ClCompile>
    <ClCompile Include="chapter4_abstract_factory_onion.cpp">
      <Filter>소스 파일\chapter4\abstract_factory\pizza_ingredient</Filter>
    </ClCompile>
    <ClCompile Include="chapter4_abstract_factory_red_pepper.cpp">
      <Filter>소스 파일\chapter4\abstract_factory\pizza_ingredient</Filter>
    </ClCompile>
    <ClCompile Include="chapter4_abstract_factory_spinach.cpp">
      <Filter>소스 파일\chapter4\abstract_factory\pizza_ingredient</Filter>
    </ClCompile>
    <ClCompile Include="chapter4_abstract_factory_sliced_pepperoni.cpp">
      <Filter>소스 파일\chapter4\abstract_factory\pizza_ingredient</Filter>
    </ClCompile>
    <ClCompile Include="chapter4_abstract_factory_fresh_clams.cpp">
      <Filter>소스 파일\chapter4\abstract_factory\pizza_ingredient</Filter>
    </ClCompile>
    <ClCompile Include="chapter4_abstract_factory_frozen_clams.cpp">
      <Filter>소스 파일\chapter4\abstract_factory\pizza_ingredient</Filter>
    </ClCompile>
    <ClCompile Include="chapter4_abstract_factory_pizza.cpp">
      <Filter>소스 파일\chapter4\abstract_factory\pizza</Filter>
    </ClCompile>
    <ClCompile Include="chapter4_abstract_factory_pizza_store.cpp">
      <Filter>소스 파일\chapter4\abstract_factory\pizza_store</Filter>
    </ClCompile>
    <ClCompile Include="chapter4_abstract_factory_ny_pizza_store.cpp">
      <Filter>소스 파일\chapter4\abstract_factory\pizza_store</Filter>
    </ClCompile>
    <ClCompile Include="chapter4_abstract_factory_chicago_pizza_store.cpp">
      <Filter>소스 파일\chapter4\abstract_factory\pizza_store</Filter>
    </ClCompile>
    <ClCompile Include="chapter4_abstract_factory_cheese_pizza.cpp">
      <Filter>소스 파일\chapter4\abstract_factory\pizza</Filter>
    </ClCompile>
    <ClCompile Include="chapter4_abstract_factory_clam_pizza.cpp">
      <Filter>소스 파일\chapter4\abstract_factory\pizza</Filter>
    </ClCompile>
    <ClCompile Include="chapter4_abstract_factory_pepperoni_pizza.cpp">
      <Filter>소스 파일\chapter4\abstract_factory\pizza</Filter>
    </ClCompile>
    <ClCompile Include="chapter4_abstract_factory_veggie_pizza.cpp">
      <Filter>소스 파일\chapter4\abstract_factory\pizza</Filter>
    </ClCompile>
  </ItemGroup>
  <ItemGroup>
    <ClInclude Include="chapter1_duck_behavior_interface.h">
      <Filter>헤더 파일\chapter1</Filter>
    </ClInclude>
    <ClInclude Include="chapter1_duck_behavior.h">
      <Filter>헤더 파일\chapter1</Filter>
    </ClInclude>
    <ClInclude Include="chapter1_duck.h">
      <Filter>헤더 파일\chapter1</Filter>
    </ClInclude>
    <ClInclude Include="chapter1_duck_interface.h">
      <Filter>헤더 파일\chapter1</Filter>
    </ClInclude>
    <ClInclude Include="chapter1.h">
      <Filter>헤더 파일\chapter1</Filter>
    </ClInclude>
    <ClInclude Include="chapter2.h">
      <Filter>헤더 파일\chapter2</Filter>
    </ClInclude>
    <ClInclude Include="chapter2_subject_interface.h">
      <Filter>헤더 파일\chapter2</Filter>
    </ClInclude>
    <ClInclude Include="chapter2_observer_interface.h">
      <Filter>헤더 파일\chapter2</Filter>
    </ClInclude>
    <ClInclude Include="chapter2_display_element_interface.h">
      <Filter>헤더 파일\chapter2</Filter>
    </ClInclude>
    <ClInclude Include="chapter2_weather_data.h">
      <Filter>헤더 파일\chapter2</Filter>
    </ClInclude>
    <ClInclude Include="chapter2_display.h">
      <Filter>헤더 파일\chapter2</Filter>
    </ClInclude>
    <ClInclude Include="chapter3.h">
      <Filter>헤더 파일\chapter3</Filter>
    </ClInclude>
    <ClInclude Include="chapter3_beverage_interface.h">
      <Filter>헤더 파일\chapter3</Filter>
    </ClInclude>
    <ClInclude Include="chapter3_beverage.h">
      <Filter>헤더 파일\chapter3</Filter>
    </ClInclude>
    <ClInclude Include="chapter3_beverage_decorator_interface.h">
      <Filter>헤더 파일\chapter3</Filter>
    </ClInclude>
    <ClInclude Include="chapter3_beverage_decorator.h">
      <Filter>헤더 파일\chapter3</Filter>
    </ClInclude>
    <ClInclude Include="chapter4.h">
      <Filter>헤더 파일\chapter4</Filter>
    </ClInclude>
    <ClInclude Include="chapter4_simple_factory_pizza.h">
      <Filter>헤더 파일\chapter4\simple_factory</Filter>
    </ClInclude>
    <ClInclude Include="chapter4_simple_factory_pizza_factory.h">
      <Filter>헤더 파일\chapter4\simple_factory</Filter>
    </ClInclude>
    <ClInclude Include="chapter4_simple_factory_pizza_store.h">
      <Filter>헤더 파일\chapter4\simple_factory</Filter>
    </ClInclude>
    <ClInclude Include="chapter4_factory_method_pizza.h">
      <Filter>헤더 파일\chapter4\factory_method</Filter>
    </ClInclude>
    <ClInclude Include="chapter4_factory_method_ny_style_pizza.h">
      <Filter>헤더 파일\chapter4\factory_method</Filter>
    </ClInclude>
    <ClInclude Include="chapter4_factory_method_chicaco_style_pizza.h">
      <Filter>헤더 파일\chapter4\factory_method</Filter>
    </ClInclude>
    <ClInclude Include="chapter4_factory_method_pizza_store_interface.h">
      <Filter>헤더 파일\chapter4\factory_method</Filter>
    </ClInclude>
    <ClInclude Include="chapter4_factory_method_pizza_store.h">
      <Filter>헤더 파일\chapter4\factory_method</Filter>
    </ClInclude>
    <ClInclude Include="chapter4_abstract_factory_pizza_ingredient_factory_interface.h">
      <Filter>헤더 파일\chapter4\abstract_pattern</Filter>
    </ClInclude>
    <ClInclude Include="chapter4_abstract_factory_pizza_ingredient_factory.h">
      <Filter>헤더 파일\chapter4\abstract_pattern</Filter>
    </ClInclude>
    <ClInclude Include="chapter4_abstract_factory_pizza_ingredient_interface.h">
      <Filter>헤더 파일\chapter4\abstract_pattern</Filter>
    </ClInclude>
    <ClInclude Include="chapter4_abstract_factory_pizza_ingredient.h">
      <Filter>헤더 파일\chapter4\abstract_pattern</Filter>
    </ClInclude>
    <ClInclude Include="chapter4_abstract_factory_pizza_store_interface.h">
      <Filter>헤더 파일\chapter4\abstract_pattern</Filter>
    </ClInclude>
    <ClInclude Include="chapter4_abstract_factory_pizza_store.h">
      <Filter>헤더 파일\chapter4\abstract_pattern</Filter>
    </ClInclude>
    <ClInclude Include="chapter4_abstract_factory_pizza_interface.h">
      <Filter>헤더 파일\chapter4\abstract_pattern</Filter>
    </ClInclude>
    <ClInclude Include="chapter4_abstract_factory_pizza.h">
      <Filter>헤더 파일\chapter4\abstract_pattern</Filter>
    </ClInclude>
  </ItemGroup>
</Project>