<?xml version="1.0" encoding="utf-8"?>
<Project ToolsVersion="4.0" xmlns="http://schemas.microsoft.com/developer/msbuild/2003">
  <ItemGroup>
    <Filter Include="소스 파일">
      <UniqueIdentifier>{4FC737F1-C7A5-4376-A066-2A32D752A2FF}</UniqueIdentifier>
      <Extensions>cpp;c;cc;cxx;c++;cppm;ixx;def;odl;idl;hpj;bat;asm;asmx</Extensions>
    </Filter>
    <Filter Include="헤더 파일">
      <UniqueIdentifier>{93995380-89BD-4b04-88EB-625FBE52EBFB}</UniqueIdentifier>
      <Extensions>h;hh;hpp;hxx;h++;hm;inl;inc;ipp;xsd</Extensions>
    </Filter>
    <Filter Include="리소스 파일">
      <UniqueIdentifier>{67DA6AB6-F800-4c08-8B7A-83BB121AAD01}</UniqueIdentifier>
      <Extensions>rc;ico;cur;bmp;dlg;rc2;rct;bin;rgs;gif;jpg;jpeg;jpe;resx;tiff;tif;png;wav;mfcribbon-ms</Extensions>
    </Filter>
    <Filter Include="소스 파일\chapter1">
      <UniqueIdentifier>{7ab1aecb-73d5-4380-9551-93d89ffff96a}</UniqueIdentifier>
    </Filter>
    <Filter Include="헤더 파일\chapter1">
      <UniqueIdentifier>{874d3da4-6763-4c21-ab66-c49aecd66539}</UniqueIdentifier>
    </Filter>
    <Filter Include="소스 파일\chapter1\duck_behavior">
      <UniqueIdentifier>{2f3fabe8-442e-4da3-8b69-247ed5cf3cba}</UniqueIdentifier>
    </Filter>
    <Filter Include="소스 파일\chapter1\duck">
      <UniqueIdentifier>{54521bfe-7ca0-4944-ba15-24556738127c}</UniqueIdentifier>
    </Filter>
    <Filter Include="소스 파일\chapter2">
      <UniqueIdentifier>{4d5134e3-ba05-465d-b7ec-bc2da79d2c01}</UniqueIdentifier>
    </Filter>
    <Filter Include="헤더 파일\chapter2">
      <UniqueIdentifier>{5247065f-6893-4540-b648-15490dc87c57}</UniqueIdentifier>
    </Filter>
    <Filter Include="소스 파일\chapter2\weather_data">
      <UniqueIdentifier>{a74a0e51-c521-4506-8e43-040f4fd41487}</UniqueIdentifier>
    </Filter>
    <Filter Include="소스 파일\chapter2\display">
      <UniqueIdentifier>{b3da1ce0-bbbc-42d6-872f-48e7149b7395}</UniqueIdentifier>
    </Filter>
    <Filter Include="소스 파일\chapter3">
      <UniqueIdentifier>{ebd9a419-9be9-4991-bae0-6a3382afce4c}</UniqueIdentifier>
    </Filter>
    <Filter Include="헤더 파일\chapter3">
      <UniqueIdentifier>{07519034-a51e-49c7-b07d-b54264894ca8}</UniqueIdentifier>
    </Filter>
    <Filter Include="소스 파일\chapter3\beverage">
      <UniqueIdentifier>{a3e30a36-0a57-48e6-b03a-9019233918b8}</UniqueIdentifier>
    </Filter>
    <Filter Include="소스 파일\chapter3\decorator">
      <UniqueIdentifier>{b9bf702f-f19b-45a4-8827-bea68fe894bb}</UniqueIdentifier>
    </Filter>
    <Filter Include="소스 파일\chapter4">
      <UniqueIdentifier>{cd11abc1-24eb-4b2a-82af-1a8ae86423c1}</UniqueIdentifier>
    </Filter>
    <Filter Include="헤더 파일\chapter4">
      <UniqueIdentifier>{af0ec7ab-c747-4fbd-8b09-8c83826c1596}</UniqueIdentifier>
    </Filter>
    <Filter Include="소스 파일\chapter4\simple_factory">
      <UniqueIdentifier>{52d82d8e-be85-4985-a73a-c30c0c703ff5}</UniqueIdentifier>
    </Filter>
    <Filter Include="헤더 파일\chapter4\simple_factory">
      <UniqueIdentifier>{4d672adb-569b-4299-9121-aafe3572c50b}</UniqueIdentifier>
    </Filter>
    <Filter Include="헤더 파일\chapter4\factory_method">
      <UniqueIdentifier>{33156f2a-c83c-43ed-aea3-5dd219d3387c}</UniqueIdentifier>
    </Filter>
    <Filter Include="소스 파일\chapter4\factory_method">
      <UniqueIdentifier>{e29c48c2-2e62-4b47-a024-40eaba122d6c}</UniqueIdentifier>
    </Filter>
    <Filter Include="소스 파일\chapter4\factory_method\ny_style_pizza">
      <UniqueIdentifier>{39493332-a31d-4a38-bf63-4b2bdd8665bc}</UniqueIdentifier>
    </Filter>
    <Filter Include="소스 파일\chapter4\factory_method\chicago_style_pizza">
      <UniqueIdentifier>{958f7f2a-d26d-4ae6-9b9f-362dacb5d150}</UniqueIdentifier>
    </Filter>
    <Filter Include="헤더 파일\chapter4\abstract_pattern">
      <UniqueIdentifier>{6c8b239c-3a11-4f27-8add-d9f3ec53355e}</UniqueIdentifier>
    </Filter>
    <Filter Include="소스 파일\chapter4\abstract_factory">
      <UniqueIdentifier>{1553a119-77a7-4b2a-abb5-28ff92813a56}</UniqueIdentifier>
    </Filter>
    <Filter Include="소스 파일\chapter4\abstract_factory\pizza_ingredient">
      <UniqueIdentifier>{6094c610-1a5a-4935-b1b9-edc1e760be74}</UniqueIdentifier>
    </Filter>
    <Filter Include="소스 파일\chapter4\abstract_factory\pizza_ingredient_factory">
      <UniqueIdentifier>{bca0a484-a0ee-4307-80a8-24fbd29fd238}</UniqueIdentifier>
    </Filter>
    <Filter Include="소스 파일\chapter4\abstract_factory\pizza">
      <UniqueIdentifier>{1e38fc6b-22fb-4403-8dbb-f63375ce86a6}</UniqueIdentifier>
    </Filter>
    <Filter Include="소스 파일\chapter4\abstract_factory\pizza_store">
      <UniqueIdentifier>{d16adddb-bebf-471a-a5e4-9cbfff783d26}</UniqueIdentifier>
    </Filter>
    <Filter Include="소스 파일\chapter5">
      <UniqueIdentifier>{a1c0f559-1945-42a6-b127-64d531fa9b7f}</UniqueIdentifier>
    </Filter>
    <Filter Include="헤더 파일\chapter5">
      <UniqueIdentifier>{fb058e8f-e380-43c1-ac42-8ed1e78bacf0}</UniqueIdentifier>
    </Filter>
    <Filter Include="소스 파일\chapter6">
      <UniqueIdentifier>{2ec2840a-7056-4f43-b91b-58daf216d20e}</UniqueIdentifier>
    </Filter>
    <Filter Include="헤더 파일\chapter6">
      <UniqueIdentifier>{9025f9b6-9ea2-42d0-943a-39df1b8586f9}</UniqueIdentifier>
    </Filter>
    <Filter Include="헤더 파일\chapter6\simple_remote">
      <UniqueIdentifier>{0415a25d-806e-4623-8863-1d5fa923a9b8}</UniqueIdentifier>
    </Filter>
    <Filter Include="소스 파일\chapter6\simple_remote">
      <UniqueIdentifier>{6538b634-c4c7-40f9-8cd8-09f0a164ba3f}</UniqueIdentifier>
    </Filter>
    <Filter Include="소스 파일\chapter6\simple_remote\api">
      <UniqueIdentifier>{26347457-c0f5-4e0c-a119-869ed148f3b5}</UniqueIdentifier>
    </Filter>
    <Filter Include="소스 파일\chapter6\simple_remote\command">
      <UniqueIdentifier>{c29dd2fe-565d-48ca-8ca7-5e77d417f157}</UniqueIdentifier>
    </Filter>
    <Filter Include="헤더 파일\chapter6\remote">
      <UniqueIdentifier>{32cca4ec-2b88-44eb-b3aa-6087f73e6901}</UniqueIdentifier>
    </Filter>
    <Filter Include="소스 파일\chapter6\remote">
      <UniqueIdentifier>{2d6a4c3e-3d04-4c52-8796-f5e3e0a12433}</UniqueIdentifier>
    </Filter>
    <Filter Include="소스 파일\chapter6\remote\api">
      <UniqueIdentifier>{8595b69a-f8a6-43b6-b8a5-251cd91056e9}</UniqueIdentifier>
    </Filter>
    <Filter Include="소스 파일\chapter6\remote\command">
      <UniqueIdentifier>{db59ca7f-35e3-48ee-9e89-da8c0d848cdf}</UniqueIdentifier>
    </Filter>
    <Filter Include="헤더 파일\chapter6\remote_with_undo">
      <UniqueIdentifier>{56fdd81e-bd60-42ff-9fd3-e15ec4ac817c}</UniqueIdentifier>
    </Filter>
    <Filter Include="소스 파일\chapter6\remote_with_undo">
      <UniqueIdentifier>{0dc10243-5a30-4219-87a7-c54a629fd773}</UniqueIdentifier>
    </Filter>
    <Filter Include="소스 파일\chapter6\remote_with_undo\api">
      <UniqueIdentifier>{368a4f29-eb71-4936-af68-0552b0ed6a21}</UniqueIdentifier>
    </Filter>
    <Filter Include="소스 파일\chapter6\remote_with_undo\command">
      <UniqueIdentifier>{5680ebeb-4389-4a73-a331-459b3481698f}</UniqueIdentifier>
    </Filter>
    <Filter Include="소스 파일\chapter6\macro">
      <UniqueIdentifier>{4bd8225f-71c3-4489-8e6e-afe8692819c0}</UniqueIdentifier>
    </Filter>
    <Filter Include="헤더 파일\chapter6\macro">
      <UniqueIdentifier>{847f1995-4a42-4061-b10c-386c7c48f97c}</UniqueIdentifier>
    </Filter>
    <Filter Include="소스 파일\chapter6\macro\api">
      <UniqueIdentifier>{62e58e92-f01c-4316-83ea-e807d025098e}</UniqueIdentifier>
    </Filter>
    <Filter Include="소스 파일\chapter6\macro\command">
      <UniqueIdentifier>{be88f888-d1e7-4aaa-b728-45709bfbe1f1}</UniqueIdentifier>
    </Filter>
    <Filter Include="소스 파일\chapter7">
      <UniqueIdentifier>{16641d2d-3c4d-4d91-b3d1-b50207729880}</UniqueIdentifier>
    </Filter>
    <Filter Include="헤더 파일\chapter7">
      <UniqueIdentifier>{e279cdbc-a832-41d1-b61d-d553274d18aa}</UniqueIdentifier>
    </Filter>
    <Filter Include="헤더 파일\chapter7\object_adapter">
      <UniqueIdentifier>{9df27209-afbf-4bdd-855d-40fab0d74d3d}</UniqueIdentifier>
    </Filter>
    <Filter Include="헤더 파일\chapter7\class_adapter">
      <UniqueIdentifier>{1714f122-8f37-4cb3-8180-33bc1c9f3a1b}</UniqueIdentifier>
    </Filter>
    <Filter Include="헤더 파일\chapter7\facade">
      <UniqueIdentifier>{e4e1010f-6fb0-4194-a69e-571f43c5d1ed}</UniqueIdentifier>
    </Filter>
    <Filter Include="소스 파일\chapter7\class_adapter">
      <UniqueIdentifier>{c1f7ff6f-4471-4a0b-82a0-50c9aff1d4ba}</UniqueIdentifier>
    </Filter>
    <Filter Include="소스 파일\chapter7\facade">
      <UniqueIdentifier>{0635d0fc-a132-462f-b910-e25314d7e13d}</UniqueIdentifier>
    </Filter>
    <Filter Include="소스 파일\chapter7\object_adapter">
      <UniqueIdentifier>{4b924b45-d84c-4c99-a202-3380598d92e6}</UniqueIdentifier>
    </Filter>
    <Filter Include="소스 파일\chapter7\object_adapter\duck">
      <UniqueIdentifier>{8e20e91a-7e6d-4a6e-aa1c-720e0e17783f}</UniqueIdentifier>
    </Filter>
    <Filter Include="소스 파일\chapter7\object_adapter\turkey">
      <UniqueIdentifier>{bafa48fe-10dd-45ae-be58-df5892754ed2}</UniqueIdentifier>
    </Filter>
    <Filter Include="소스 파일\chapter7\object_adapter\adapter">
      <UniqueIdentifier>{fec71844-d914-4e26-aeb2-cabf8fec49f3}</UniqueIdentifier>
    </Filter>
    <Filter Include="소스 파일\chapter7\class_adapter\duck">
      <UniqueIdentifier>{e6ac15a3-f1c7-4abe-b7b0-d5afe924dbf5}</UniqueIdentifier>
    </Filter>
    <Filter Include="소스 파일\chapter7\class_adapter\turkey">
      <UniqueIdentifier>{dbb33988-ecdb-4a4a-a50b-aebb6d53604a}</UniqueIdentifier>
    </Filter>
    <Filter Include="소스 파일\chapter7\class_adapter\adapter">
      <UniqueIdentifier>{5f9e4d22-e416-4ea2-813b-ff6c442949d5}</UniqueIdentifier>
    </Filter>
    <Filter Include="소스 파일\chapter7\facade\system">
      <UniqueIdentifier>{b68a62fc-56cd-4b73-89c8-ac25a2be187c}</UniqueIdentifier>
    </Filter>
    <Filter Include="헤더 파일\chapter8">
      <UniqueIdentifier>{633dc084-ac62-4c34-abf9-40ad98d5aa3b}</UniqueIdentifier>
    </Filter>
    <Filter Include="소스 파일\chapter8">
      <UniqueIdentifier>{417782c0-8198-4e00-8a4b-23990697f302}</UniqueIdentifier>
    </Filter>
    <Filter Include="소스 파일\chapter8\template">
      <UniqueIdentifier>{fa788767-f617-45a1-94f1-b572b214ba53}</UniqueIdentifier>
    </Filter>
    <Filter Include="소스 파일\chapter8\beverage">
      <UniqueIdentifier>{99eb367e-4965-4d73-b835-803a6f75ae67}</UniqueIdentifier>
    </Filter>
    <Filter Include="소스 파일\chapter9">
      <UniqueIdentifier>{53478313-1ae5-4eb3-9c66-a187f7694ac3}</UniqueIdentifier>
    </Filter>
    <Filter Include="헤더 파일\chapter9">
      <UniqueIdentifier>{1122b177-76c4-4412-b4bc-5cfb25f288d5}</UniqueIdentifier>
    </Filter>
    <Filter Include="헤더 파일\chapter9\iterator">
      <UniqueIdentifier>{5fda4184-f41a-49b9-abfc-cec040240885}</UniqueIdentifier>
    </Filter>
    <Filter Include="소스 파일\chapter9\iterator">
      <UniqueIdentifier>{569f8d8e-1837-4a97-9912-217394f51749}</UniqueIdentifier>
    </Filter>
    <Filter Include="소스 파일\chapter9\iterator\menu">
      <UniqueIdentifier>{e8983506-0b40-4014-a6a8-90c35c6eaa44}</UniqueIdentifier>
    </Filter>
    <Filter Include="소스 파일\chapter9\iterator\iterator">
      <UniqueIdentifier>{955aed7c-8191-4eda-b3d1-634df02ffea4}</UniqueIdentifier>
    </Filter>
    <Filter Include="헤더 파일\chapter9\composite">
      <UniqueIdentifier>{3bfd8107-8efe-44a4-bbf9-27876cf047e7}</UniqueIdentifier>
    </Filter>
    <Filter Include="소스 파일\chapter9\composite">
      <UniqueIdentifier>{358136e1-ea67-4187-bd04-9f370c70ecfd}</UniqueIdentifier>
    </Filter>
  </ItemGroup>
  <ItemGroup>
    <ClCompile Include="main.cpp">
      <Filter>소스 파일</Filter>
    </ClCompile>
    <ClCompile Include="chapter1.cpp">
      <Filter>소스 파일\chapter1</Filter>
    </ClCompile>
    <ClCompile Include="chapter1_fly_with_wings.cpp">
      <Filter>소스 파일\chapter1\duck_behavior</Filter>
    </ClCompile>
    <ClCompile Include="chapter1_fly_no_way.cpp">
      <Filter>소스 파일\chapter1\duck_behavior</Filter>
    </ClCompile>
    <ClCompile Include="chapter1_quack.cpp">
      <Filter>소스 파일\chapter1\duck_behavior</Filter>
    </ClCompile>
    <ClCompile Include="chapter1_squeak.cpp">
      <Filter>소스 파일\chapter1\duck_behavior</Filter>
    </ClCompile>
    <ClCompile Include="chapter1_mute_quack.cpp">
      <Filter>소스 파일\chapter1\duck_behavior</Filter>
    </ClCompile>
    <ClCompile Include="chapter1_mallard_duck.cpp">
      <Filter>소스 파일\chapter1\duck</Filter>
    </ClCompile>
    <ClCompile Include="chapter1_decoy_duck.cpp">
      <Filter>소스 파일\chapter1\duck</Filter>
    </ClCompile>
    <ClCompile Include="chapter1_redhead_duck.cpp">
      <Filter>소스 파일\chapter1\duck</Filter>
    </ClCompile>
    <ClCompile Include="chapter1_rubber_duck.cpp">
      <Filter>소스 파일\chapter1\duck</Filter>
    </ClCompile>
    <ClCompile Include="chapter1_duck.cpp">
      <Filter>소스 파일\chapter1\duck</Filter>
    </ClCompile>
    <ClCompile Include="chapter1_fly_rocket_powered.cpp">
      <Filter>소스 파일\chapter1\duck_behavior</Filter>
    </ClCompile>
    <ClCompile Include="chapter2.cpp">
      <Filter>소스 파일\chapter2</Filter>
    </ClCompile>
    <ClCompile Include="chapter2_weather_data.cpp">
      <Filter>소스 파일\chapter2\weather_data</Filter>
    </ClCompile>
    <ClCompile Include="chapter2_current_condition_display.cpp">
      <Filter>소스 파일\chapter2\display</Filter>
    </ClCompile>
    <ClCompile Include="chapter2_statistics_display.cpp">
      <Filter>소스 파일\chapter2\display</Filter>
    </ClCompile>
    <ClCompile Include="chapter2_forecast_display.cpp">
      <Filter>소스 파일\chapter2\display</Filter>
    </ClCompile>
    <ClCompile Include="chapter2_heat_index_display.cpp">
      <Filter>소스 파일\chapter2\display</Filter>
    </ClCompile>
    <ClCompile Include="chapter3.cpp">
      <Filter>소스 파일\chapter3</Filter>
    </ClCompile>
    <ClCompile Include="chapter3_house_blend.cpp">
      <Filter>소스 파일\chapter3\beverage</Filter>
    </ClCompile>
    <ClCompile Include="chapter3_espresso.cpp">
      <Filter>소스 파일\chapter3\beverage</Filter>
    </ClCompile>
    <ClCompile Include="chapter3_dark_roast.cpp">
      <Filter>소스 파일\chapter3\beverage</Filter>
    </ClCompile>
    <ClCompile Include="chapter3_decaf.cpp">
      <Filter>소스 파일\chapter3\beverage</Filter>
    </ClCompile>
    <ClCompile Include="chapter3_milk.cpp">
      <Filter>소스 파일\chapter3\decorator</Filter>
    </ClCompile>
    <ClCompile Include="chapter3_mocha.cpp">
      <Filter>소스 파일\chapter3\decorator</Filter>
    </ClCompile>
    <ClCompile Include="chapter3_soy.cpp">
      <Filter>소스 파일\chapter3\decorator</Filter>
    </ClCompile>
    <ClCompile Include="chapter3_whip.cpp">
      <Filter>소스 파일\chapter3\decorator</Filter>
    </ClCompile>
    <ClCompile Include="chapter4.cpp">
      <Filter>소스 파일\chapter4</Filter>
    </ClCompile>
    <ClCompile Include="chapter4_simple_factory_pizza.cpp">
      <Filter>소스 파일\chapter4\simple_factory</Filter>
    </ClCompile>
    <ClCompile Include="chapter4_simple_factory_cheese_pizza.cpp">
      <Filter>소스 파일\chapter4\simple_factory</Filter>
    </ClCompile>
    <ClCompile Include="chapter4_simple_factory_veggie_pizza.cpp">
      <Filter>소스 파일\chapter4\simple_factory</Filter>
    </ClCompile>
    <ClCompile Include="chapter4_simple_factory_clam_pizza.cpp">
      <Filter>소스 파일\chapter4\simple_factory</Filter>
    </ClCompile>
    <ClCompile Include="chapter4_simple_factory_pepperoni_pizza.cpp">
      <Filter>소스 파일\chapter4\simple_factory</Filter>
    </ClCompile>
    <ClCompile Include="chapter4_simple_pizza_factory.cpp">
      <Filter>소스 파일\chapter4\simple_factory</Filter>
    </ClCompile>
    <ClCompile Include="chapter4_simple_factory_pizza_store.cpp">
      <Filter>소스 파일\chapter4\simple_factory</Filter>
    </ClCompile>
    <ClCompile Include="chapter4_factory_method_pizza.cpp">
      <Filter>소스 파일\chapter4\factory_method</Filter>
    </ClCompile>
    <ClCompile Include="chapter4_factory_method_pizza_store.cpp">
      <Filter>소스 파일\chapter4\factory_method</Filter>
    </ClCompile>
    <ClCompile Include="chapter4_factory_method_ny_pizza_store.cpp">
      <Filter>소스 파일\chapter4\factory_method</Filter>
    </ClCompile>
    <ClCompile Include="chapter4_factory_method_chicago_pizza_store.cpp">
      <Filter>소스 파일\chapter4\factory_method</Filter>
    </ClCompile>
    <ClCompile Include="chapter4_factory_method_ny_style_cheese_pizza.cpp">
      <Filter>소스 파일\chapter4\factory_method\ny_style_pizza</Filter>
    </ClCompile>
    <ClCompile Include="chapter4_factory_method_ny_style_clam_pizza.cpp">
      <Filter>소스 파일\chapter4\factory_method\ny_style_pizza</Filter>
    </ClCompile>
    <ClCompile Include="chapter4_factory_method_ny_style_pepperoni_pizza.cpp">
      <Filter>소스 파일\chapter4\factory_method\ny_style_pizza</Filter>
    </ClCompile>
    <ClCompile Include="chapter4_factory_method_ny_style_veggie_pizza.cpp">
      <Filter>소스 파일\chapter4\factory_method\ny_style_pizza</Filter>
    </ClCompile>
    <ClCompile Include="chapter4_factory_method_chicago_style_cheese_pizza.cpp">
      <Filter>소스 파일\chapter4\factory_method\chicago_style_pizza</Filter>
    </ClCompile>
    <ClCompile Include="chapter4_factory_method_chicago_style_clam_pizza.cpp">
      <Filter>소스 파일\chapter4\factory_method\chicago_style_pizza</Filter>
    </ClCompile>
    <ClCompile Include="chapter4_factory_method_chicago_style_pepperoni_pizza.cpp">
      <Filter>소스 파일\chapter4\factory_method\chicago_style_pizza</Filter>
    </ClCompile>
    <ClCompile Include="chapter4_factory_method_chicago_style_veggie_pizza.cpp">
      <Filter>소스 파일\chapter4\factory_method\chicago_style_pizza</Filter>
    </ClCompile>
    <ClCompile Include="chapter4_abstract_factory_ny_pizza_ingredient_factory.cpp">
      <Filter>소스 파일\chapter4\abstract_factory\pizza_ingredient_factory</Filter>
    </ClCompile>
    <ClCompile Include="chapter4_abstract_factory_chicago_pizza_ingredient_factory.cpp">
      <Filter>소스 파일\chapter4\abstract_factory\pizza_ingredient_factory</Filter>
    </ClCompile>
    <ClCompile Include="chapter4_abstract_factory_thick_crust_dough.cpp">
      <Filter>소스 파일\chapter4\abstract_factory\pizza_ingredient</Filter>
    </ClCompile>
    <ClCompile Include="chapter4_abstract_factory_thin_crust_dough.cpp">
      <Filter>소스 파일\chapter4\abstract_factory\pizza_ingredient</Filter>
    </ClCompile>
    <ClCompile Include="chapter4_abstract_factory_marinara_sauce.cpp">
      <Filter>소스 파일\chapter4\abstract_factory\pizza_ingredient</Filter>
    </ClCompile>
    <ClCompile Include="chapter4_abstract_factory_plum_tomato_sauce.cpp">
      <Filter>소스 파일\chapter4\abstract_factory\pizza_ingredient</Filter>
    </ClCompile>
    <ClCompile Include="chapter4_abstract_factory_mozzarella_cheese.cpp">
      <Filter>소스 파일\chapter4\abstract_factory\pizza_ingredient</Filter>
    </ClCompile>
    <ClCompile Include="chapter4_abstract_factory_parmesan_cheese.cpp">
      <Filter>소스 파일\chapter4\abstract_factory\pizza_ingredient</Filter>
    </ClCompile>
    <ClCompile Include="chapter4_abstract_factory_reggiano_cheese.cpp">
      <Filter>소스 파일\chapter4\abstract_factory\pizza_ingredient</Filter>
    </ClCompile>
    <ClCompile Include="chapter4_abstract_factory_black_olives.cpp">
      <Filter>소스 파일\chapter4\abstract_factory\pizza_ingredient</Filter>
    </ClCompile>
    <ClCompile Include="chapter4_abstract_factory_eggplant.cpp">
      <Filter>소스 파일\chapter4\abstract_factory\pizza_ingredient</Filter>
    </ClCompile>
    <ClCompile Include="chapter4_abstract_factory_garlic.cpp">
      <Filter>소스 파일\chapter4\abstract_factory\pizza_ingredient</Filter>
    </ClCompile>
    <ClCompile Include="chapter4_abstract_factory_mushroom.cpp">
      <Filter>소스 파일\chapter4\abstract_factory\pizza_ingredient</Filter>
    </ClCompile>
    <ClCompile Include="chapter4_abstract_factory_onion.cpp">
      <Filter>소스 파일\chapter4\abstract_factory\pizza_ingredient</Filter>
    </ClCompile>
    <ClCompile Include="chapter4_abstract_factory_red_pepper.cpp">
      <Filter>소스 파일\chapter4\abstract_factory\pizza_ingredient</Filter>
    </ClCompile>
    <ClCompile Include="chapter4_abstract_factory_spinach.cpp">
      <Filter>소스 파일\chapter4\abstract_factory\pizza_ingredient</Filter>
    </ClCompile>
    <ClCompile Include="chapter4_abstract_factory_sliced_pepperoni.cpp">
      <Filter>소스 파일\chapter4\abstract_factory\pizza_ingredient</Filter>
    </ClCompile>
    <ClCompile Include="chapter4_abstract_factory_fresh_clams.cpp">
      <Filter>소스 파일\chapter4\abstract_factory\pizza_ingredient</Filter>
    </ClCompile>
    <ClCompile Include="chapter4_abstract_factory_frozen_clams.cpp">
      <Filter>소스 파일\chapter4\abstract_factory\pizza_ingredient</Filter>
    </ClCompile>
    <ClCompile Include="chapter4_abstract_factory_pizza.cpp">
      <Filter>소스 파일\chapter4\abstract_factory\pizza</Filter>
    </ClCompile>
    <ClCompile Include="chapter4_abstract_factory_pizza_store.cpp">
      <Filter>소스 파일\chapter4\abstract_factory\pizza_store</Filter>
    </ClCompile>
    <ClCompile Include="chapter4_abstract_factory_ny_pizza_store.cpp">
      <Filter>소스 파일\chapter4\abstract_factory\pizza_store</Filter>
    </ClCompile>
    <ClCompile Include="chapter4_abstract_factory_chicago_pizza_store.cpp">
      <Filter>소스 파일\chapter4\abstract_factory\pizza_store</Filter>
    </ClCompile>
    <ClCompile Include="chapter4_abstract_factory_cheese_pizza.cpp">
      <Filter>소스 파일\chapter4\abstract_factory\pizza</Filter>
    </ClCompile>
    <ClCompile Include="chapter4_abstract_factory_clam_pizza.cpp">
      <Filter>소스 파일\chapter4\abstract_factory\pizza</Filter>
    </ClCompile>
    <ClCompile Include="chapter4_abstract_factory_pepperoni_pizza.cpp">
      <Filter>소스 파일\chapter4\abstract_factory\pizza</Filter>
    </ClCompile>
    <ClCompile Include="chapter4_abstract_factory_veggie_pizza.cpp">
      <Filter>소스 파일\chapter4\abstract_factory\pizza</Filter>
    </ClCompile>
    <ClCompile Include="chapter5.cpp">
      <Filter>소스 파일\chapter5</Filter>
    </ClCompile>
    <ClCompile Include="chapter5_singleton_chocolate_boiler.cpp">
      <Filter>소스 파일\chapter5</Filter>
    </ClCompile>
    <ClCompile Include="chapter6.cpp">
      <Filter>소스 파일\chapter6</Filter>
    </ClCompile>
    <ClCompile Include="chapter6_simple_remote_light_api.cpp">
      <Filter>소스 파일\chapter6\simple_remote\api</Filter>
    </ClCompile>
    <ClCompile Include="chapter6_simple_remote_garage_door_api.cpp">
      <Filter>소스 파일\chapter6\simple_remote\api</Filter>
    </ClCompile>
    <ClCompile Include="chapter6_simple_remote_light_on_command.cpp">
      <Filter>소스 파일\chapter6\simple_remote\command</Filter>
    </ClCompile>
    <ClCompile Include="chapter6_simple_remote_light_off_command.cpp">
      <Filter>소스 파일\chapter6\simple_remote\command</Filter>
    </ClCompile>
    <ClCompile Include="chapter6_simple_remote_garage_door_open_command.cpp">
      <Filter>소스 파일\chapter6\simple_remote\command</Filter>
    </ClCompile>
    <ClCompile Include="chapter6_simple_remote_control.cpp">
      <Filter>소스 파일\chapter6\simple_remote</Filter>
    </ClCompile>
    <ClCompile Include="chapter6_remote_control.cpp">
      <Filter>소스 파일\chapter6\remote</Filter>
    </ClCompile>
    <ClCompile Include="chapter6_remote_light_api.cpp">
      <Filter>소스 파일\chapter6\remote\api</Filter>
    </ClCompile>
    <ClCompile Include="chapter6_remote_garage_door_api.cpp">
      <Filter>소스 파일\chapter6\remote\api</Filter>
    </ClCompile>
    <ClCompile Include="chapter6_remote_ceiling_fan_api.cpp">
      <Filter>소스 파일\chapter6\remote\api</Filter>
    </ClCompile>
    <ClCompile Include="chapter6_remote_stereo_api.cpp">
      <Filter>소스 파일\chapter6\remote\api</Filter>
    </ClCompile>
    <ClCompile Include="chapter6_remote_hottub_api.cpp">
      <Filter>소스 파일\chapter6\remote\api</Filter>
    </ClCompile>
    <ClCompile Include="chapter6_remote_tv_api.cpp">
      <Filter>소스 파일\chapter6\remote\api</Filter>
    </ClCompile>
    <ClCompile Include="chapter6_remote_no_command.cpp">
      <Filter>소스 파일\chapter6\remote\command</Filter>
    </ClCompile>
    <ClCompile Include="chapter6_remote_light_on_command.cpp">
      <Filter>소스 파일\chapter6\remote\command</Filter>
    </ClCompile>
    <ClCompile Include="chapter6_remote_light_off_command.cpp">
      <Filter>소스 파일\chapter6\remote\command</Filter>
    </ClCompile>
    <ClCompile Include="chapter6_remote_garage_door_up_command.cpp">
      <Filter>소스 파일\chapter6\remote\command</Filter>
    </ClCompile>
    <ClCompile Include="chapter6_remote_garage_door_down_command.cpp">
      <Filter>소스 파일\chapter6\remote\command</Filter>
    </ClCompile>
    <ClCompile Include="chapter6_remote_ceiling_fan_on_command.cpp">
      <Filter>소스 파일\chapter6\remote\command</Filter>
    </ClCompile>
    <ClCompile Include="chapter6_remote_ceiling_fan_off_command.cpp">
      <Filter>소스 파일\chapter6\remote\command</Filter>
    </ClCompile>
    <ClCompile Include="chapter6_remote_stereo_on_with_cd_command.cpp">
      <Filter>소스 파일\chapter6\remote\command</Filter>
    </ClCompile>
    <ClCompile Include="chapter6_remote_stereo_off_command.cpp">
      <Filter>소스 파일\chapter6\remote\command</Filter>
    </ClCompile>
    <ClCompile Include="chapter6_remote_hottub_on_command.cpp">
      <Filter>소스 파일\chapter6\remote\command</Filter>
    </ClCompile>
    <ClCompile Include="chapter6_remote_hottub_off_command.cpp">
      <Filter>소스 파일\chapter6\remote\command</Filter>
    </ClCompile>
    <ClCompile Include="chapter6_remote_with_undo_control.cpp">
      <Filter>소스 파일\chapter6\remote_with_undo</Filter>
    </ClCompile>
    <ClCompile Include="chapter6_remote_with_undo_light_api.cpp">
      <Filter>소스 파일\chapter6\remote_with_undo\api</Filter>
    </ClCompile>
    <ClCompile Include="chapter6_remote_with_undo_ceiling_fan_api.cpp">
      <Filter>소스 파일\chapter6\remote_with_undo\api</Filter>
    </ClCompile>
    <ClCompile Include="chapter6_remote_with_undo_no_command.cpp">
      <Filter>소스 파일\chapter6\remote_with_undo\command</Filter>
    </ClCompile>
    <ClCompile Include="chapter6_remote_with_undo_light_on_command.cpp">
      <Filter>소스 파일\chapter6\remote_with_undo\command</Filter>
    </ClCompile>
    <ClCompile Include="chapter6_remote_with_undo_light_off_command.cpp">
      <Filter>소스 파일\chapter6\remote_with_undo\command</Filter>
    </ClCompile>
    <ClCompile Include="chapter6_remote_with_undo_dimmer_light_on_command.cpp">
      <Filter>소스 파일\chapter6\remote_with_undo\command</Filter>
    </ClCompile>
    <ClCompile Include="chapter6_remote_with_undo_dimmer_light_off_command.cpp">
      <Filter>소스 파일\chapter6\remote_with_undo\command</Filter>
    </ClCompile>
    <ClCompile Include="chapter6_remote_with_undo_ceiling_fan_high_command.cpp">
      <Filter>소스 파일\chapter6\remote_with_undo\command</Filter>
    </ClCompile>
    <ClCompile Include="chapter6_remote_with_undo_ceiling_fan_medium_command.cpp">
      <Filter>소스 파일\chapter6\remote_with_undo\command</Filter>
    </ClCompile>
    <ClCompile Include="chapter6_remote_with_undo_ceiling_fan_low_command.cpp">
      <Filter>소스 파일\chapter6\remote_with_undo\command</Filter>
    </ClCompile>
    <ClCompile Include="chapter6_remote_with_undo_ceiling_fan_off_command.cpp">
      <Filter>소스 파일\chapter6\remote_with_undo\command</Filter>
    </ClCompile>
    <ClCompile Include="chapter6_macro_light_api.cpp">
      <Filter>소스 파일\chapter6\macro\api</Filter>
    </ClCompile>
    <ClCompile Include="chapter6_macro_no_command.cpp">
      <Filter>소스 파일\chapter6\macro\command</Filter>
    </ClCompile>
    <ClCompile Include="chapter6_macro_ceiling_fan_api.cpp">
      <Filter>소스 파일\chapter6\macro\api</Filter>
    </ClCompile>
    <ClCompile Include="chapter6_macro_hottub_api.cpp">
      <Filter>소스 파일\chapter6\macro\api</Filter>
    </ClCompile>
    <ClCompile Include="chapter6_macro_stereo_api.cpp">
      <Filter>소스 파일\chapter6\macro\api</Filter>
    </ClCompile>
    <ClCompile Include="chapter6_macro_tv_api.cpp">
      <Filter>소스 파일\chapter6\macro\api</Filter>
    </ClCompile>
    <ClCompile Include="chapter6_macro_light_on_command.cpp">
      <Filter>소스 파일\chapter6\macro\command</Filter>
    </ClCompile>
    <ClCompile Include="chapter6_macro_light_off_command.cpp">
      <Filter>소스 파일\chapter6\macro\command</Filter>
    </ClCompile>
    <ClCompile Include="chapter6_macro_ceiling_fan_high_command.cpp">
      <Filter>소스 파일\chapter6\macro\command</Filter>
    </ClCompile>
    <ClCompile Include="chapter6_macro_ceiling_fan_medium_command.cpp">
      <Filter>소스 파일\chapter6\macro\command</Filter>
    </ClCompile>
    <ClCompile Include="chapter6_macro_ceiling_fan_low_command.cpp">
      <Filter>소스 파일\chapter6\macro\command</Filter>
    </ClCompile>
    <ClCompile Include="chapter6_macro_ceiling_fan_off_command.cpp">
      <Filter>소스 파일\chapter6\macro\command</Filter>
    </ClCompile>
    <ClCompile Include="chapter6_macro_hottub_on_command.cpp">
      <Filter>소스 파일\chapter6\macro\command</Filter>
    </ClCompile>
    <ClCompile Include="chapter6_macro_hottub_off_command.cpp">
      <Filter>소스 파일\chapter6\macro\command</Filter>
    </ClCompile>
    <ClCompile Include="chapter6_macro_stereo_on_command.cpp">
      <Filter>소스 파일\chapter6\macro\command</Filter>
    </ClCompile>
    <ClCompile Include="chapter6_macro_stereo_on_with_cd_command.cpp">
      <Filter>소스 파일\chapter6\macro\command</Filter>
    </ClCompile>
    <ClCompile Include="chapter6_macro_stereo_off_command.cpp">
      <Filter>소스 파일\chapter6\macro\command</Filter>
    </ClCompile>
    <ClCompile Include="chapter6_macro_tv_on_command.cpp">
      <Filter>소스 파일\chapter6\macro\command</Filter>
    </ClCompile>
    <ClCompile Include="chapter6_macro_tv_off_command.cpp">
      <Filter>소스 파일\chapter6\macro\command</Filter>
    </ClCompile>
    <ClCompile Include="chapter6_macro_control.cpp">
      <Filter>소스 파일\chapter6\macro</Filter>
    </ClCompile>
    <ClCompile Include="chapter6_macro_macro_command.cpp">
      <Filter>소스 파일\chapter6\macro\command</Filter>
    </ClCompile>
    <ClCompile Include="chapter7.cpp">
      <Filter>소스 파일\chapter7</Filter>
    </ClCompile>
    <ClCompile Include="chapter7_object_adapter_mallard_duck.cpp">
      <Filter>소스 파일\chapter7\object_adapter\duck</Filter>
    </ClCompile>
    <ClCompile Include="chapter7_object_adapter_wild_turkey.cpp">
      <Filter>소스 파일\chapter7\object_adapter\turkey</Filter>
    </ClCompile>
    <ClCompile Include="chapter7_object_adapter_duck_adapter.cpp">
      <Filter>소스 파일\chapter7\object_adapter\adapter</Filter>
    </ClCompile>
    <ClCompile Include="chapter7_object_adapter_turkey_adapter.cpp">
      <Filter>소스 파일\chapter7\object_adapter\adapter</Filter>
    </ClCompile>
    <ClCompile Include="chapter7_class_object_mallard_duck.cpp">
      <Filter>소스 파일\chapter7\class_adapter\duck</Filter>
    </ClCompile>
    <ClCompile Include="chapter7_class_object_wild_turkey.cpp">
      <Filter>소스 파일\chapter7\class_adapter\turkey</Filter>
    </ClCompile>
    <ClCompile Include="chapter7_class_adapter_mallard_duck_adapter.cpp">
      <Filter>소스 파일\chapter7\class_adapter\adapter</Filter>
    </ClCompile>
    <ClCompile Include="chapter7_class_adapter_wild_turkey_adapter.cpp">
      <Filter>소스 파일\chapter7\class_adapter\adapter</Filter>
    </ClCompile>
    <ClCompile Include="chapter7_facade_system_screen.cpp">
      <Filter>소스 파일\chapter7\facade\system</Filter>
    </ClCompile>
    <ClCompile Include="chapter7_facade_system_popcorn_popper.cpp">
      <Filter>소스 파일\chapter7\facade\system</Filter>
    </ClCompile>
    <ClCompile Include="chapter7_facade_system_theater_lights.cpp">
      <Filter>소스 파일\chapter7\facade\system</Filter>
    </ClCompile>
    <ClCompile Include="chapter7_facade_system_streaming_player.cpp">
      <Filter>소스 파일\chapter7\facade\system</Filter>
    </ClCompile>
    <ClCompile Include="chapter7_facade_system_projector.cpp">
      <Filter>소스 파일\chapter7\facade\system</Filter>
    </ClCompile>
    <ClCompile Include="chapter7_facade_system_tuner.cpp">
      <Filter>소스 파일\chapter7\facade\system</Filter>
    </ClCompile>
    <ClCompile Include="chapter7_facade_system_amplifier.cpp">
      <Filter>소스 파일\chapter7\facade\system</Filter>
    </ClCompile>
    <ClCompile Include="chapter7_facade_system_cd_player.cpp">
      <Filter>소스 파일\chapter7\facade\system</Filter>
    </ClCompile>
    <ClCompile Include="chapter7_facade_home_theater_facade.cpp">
      <Filter>소스 파일\chapter7\facade</Filter>
    </ClCompile>
    <ClCompile Include="chapter8.cpp">
      <Filter>소스 파일\chapter8</Filter>
    </ClCompile>
    <ClCompile Include="chapter8_caffeine_beverage_template.cpp">
      <Filter>소스 파일\chapter8\template</Filter>
    </ClCompile>
    <ClCompile Include="chapter8_caffeine_beverage_with_hook_template.cpp">
      <Filter>소스 파일\chapter8\template</Filter>
    </ClCompile>
    <ClCompile Include="chapter8_coffee.cpp">
      <Filter>소스 파일\chapter8\beverage</Filter>
    </ClCompile>
    <ClCompile Include="chapter8_tea.cpp">
      <Filter>소스 파일\chapter8\beverage</Filter>
    </ClCompile>
    <ClCompile Include="chapter8_coffee_with_hook.cpp">
      <Filter>소스 파일\chapter8\beverage</Filter>
    </ClCompile>
    <ClCompile Include="chapter8_tea_with_hook.cpp">
      <Filter>소스 파일\chapter8\beverage</Filter>
    </ClCompile>
    <ClCompile Include="chapter9.cpp">
      <Filter>소스 파일\chapter9</Filter>
    </ClCompile>
    <ClCompile Include="chapter9_iterator_diner_menu_iterator.cpp">
      <Filter>소스 파일\chapter9\iterator\iterator</Filter>
    </ClCompile>
    <ClCompile Include="chapter9_iterator_pancake_house_menu_iterator.cpp">
      <Filter>소스 파일\chapter9\iterator\iterator</Filter>
    </ClCompile>
    <ClCompile Include="chapter9_iterator_diner_menu.cpp">
      <Filter>소스 파일\chapter9\iterator\menu</Filter>
    </ClCompile>
    <ClCompile Include="chapter9_iterator_pancake_house_menu.cpp">
      <Filter>소스 파일\chapter9\iterator\menu</Filter>
    </ClCompile>
    <ClCompile Include="chapter9_interator_menu_item.cpp">
      <Filter>소스 파일\chapter9\iterator</Filter>
    </ClCompile>
    <ClCompile Include="chapter9_iterator_waitress.cpp">
      <Filter>소스 파일\chapter9\iterator</Filter>
    </ClCompile>
    <ClCompile Include="chapter9_composite_menu_component.cpp">
      <Filter>소스 파일\chapter9\composite</Filter>
    </ClCompile>
    <ClCompile Include="chapter9_composite_menu_item.cpp">
      <Filter>소스 파일\chapter9\composite</Filter>
    </ClCompile>
    <ClCompile Include="chapter9_composite_menu.cpp">
      <Filter>소스 파일\chapter9\composite</Filter>
    </ClCompile>
    <ClCompile Include="chapter9_composite_waitress.cpp">
      <Filter>소스 파일\chapter9\composite</Filter>
    </ClCompile>
  </ItemGroup>
  <ItemGroup>
    <ClInclude Include="chapter1_duck_behavior_interface.h">
      <Filter>헤더 파일\chapter1</Filter>
    </ClInclude>
    <ClInclude Include="chapter1_duck_behavior.h">
      <Filter>헤더 파일\chapter1</Filter>
    </ClInclude>
    <ClInclude Include="chapter1_duck.h">
      <Filter>헤더 파일\chapter1</Filter>
    </ClInclude>
    <ClInclude Include="chapter1_duck_interface.h">
      <Filter>헤더 파일\chapter1</Filter>
    </ClInclude>
    <ClInclude Include="chapter1.h">
      <Filter>헤더 파일\chapter1</Filter>
    </ClInclude>
    <ClInclude Include="chapter2.h">
      <Filter>헤더 파일\chapter2</Filter>
    </ClInclude>
    <ClInclude Include="chapter2_subject_interface.h">
      <Filter>헤더 파일\chapter2</Filter>
    </ClInclude>
    <ClInclude Include="chapter2_observer_interface.h">
      <Filter>헤더 파일\chapter2</Filter>
    </ClInclude>
    <ClInclude Include="chapter2_display_element_interface.h">
      <Filter>헤더 파일\chapter2</Filter>
    </ClInclude>
    <ClInclude Include="chapter2_weather_data.h">
      <Filter>헤더 파일\chapter2</Filter>
    </ClInclude>
    <ClInclude Include="chapter2_display.h">
      <Filter>헤더 파일\chapter2</Filter>
    </ClInclude>
    <ClInclude Include="chapter3.h">
      <Filter>헤더 파일\chapter3</Filter>
    </ClInclude>
    <ClInclude Include="chapter3_beverage_interface.h">
      <Filter>헤더 파일\chapter3</Filter>
    </ClInclude>
    <ClInclude Include="chapter3_beverage.h">
      <Filter>헤더 파일\chapter3</Filter>
    </ClInclude>
    <ClInclude Include="chapter3_beverage_decorator_interface.h">
      <Filter>헤더 파일\chapter3</Filter>
    </ClInclude>
    <ClInclude Include="chapter3_beverage_decorator.h">
      <Filter>헤더 파일\chapter3</Filter>
    </ClInclude>
    <ClInclude Include="chapter4.h">
      <Filter>헤더 파일\chapter4</Filter>
    </ClInclude>
    <ClInclude Include="chapter4_simple_factory_pizza.h">
      <Filter>헤더 파일\chapter4\simple_factory</Filter>
    </ClInclude>
    <ClInclude Include="chapter4_simple_factory_pizza_factory.h">
      <Filter>헤더 파일\chapter4\simple_factory</Filter>
    </ClInclude>
    <ClInclude Include="chapter4_simple_factory_pizza_store.h">
      <Filter>헤더 파일\chapter4\simple_factory</Filter>
    </ClInclude>
    <ClInclude Include="chapter4_factory_method_pizza.h">
      <Filter>헤더 파일\chapter4\factory_method</Filter>
    </ClInclude>
    <ClInclude Include="chapter4_factory_method_ny_style_pizza.h">
      <Filter>헤더 파일\chapter4\factory_method</Filter>
    </ClInclude>
    <ClInclude Include="chapter4_factory_method_chicaco_style_pizza.h">
      <Filter>헤더 파일\chapter4\factory_method</Filter>
    </ClInclude>
    <ClInclude Include="chapter4_factory_method_pizza_store_interface.h">
      <Filter>헤더 파일\chapter4\factory_method</Filter>
    </ClInclude>
    <ClInclude Include="chapter4_factory_method_pizza_store.h">
      <Filter>헤더 파일\chapter4\factory_method</Filter>
    </ClInclude>
    <ClInclude Include="chapter4_abstract_factory_pizza_ingredient_factory_interface.h">
      <Filter>헤더 파일\chapter4\abstract_pattern</Filter>
    </ClInclude>
    <ClInclude Include="chapter4_abstract_factory_pizza_ingredient_factory.h">
      <Filter>헤더 파일\chapter4\abstract_pattern</Filter>
    </ClInclude>
    <ClInclude Include="chapter4_abstract_factory_pizza_ingredient_interface.h">
      <Filter>헤더 파일\chapter4\abstract_pattern</Filter>
    </ClInclude>
    <ClInclude Include="chapter4_abstract_factory_pizza_ingredient.h">
      <Filter>헤더 파일\chapter4\abstract_pattern</Filter>
    </ClInclude>
    <ClInclude Include="chapter4_abstract_factory_pizza_store_interface.h">
      <Filter>헤더 파일\chapter4\abstract_pattern</Filter>
    </ClInclude>
    <ClInclude Include="chapter4_abstract_factory_pizza_store.h">
      <Filter>헤더 파일\chapter4\abstract_pattern</Filter>
    </ClInclude>
    <ClInclude Include="chapter4_abstract_factory_pizza_interface.h">
      <Filter>헤더 파일\chapter4\abstract_pattern</Filter>
    </ClInclude>
    <ClInclude Include="chapter4_abstract_factory_pizza.h">
      <Filter>헤더 파일\chapter4\abstract_pattern</Filter>
    </ClInclude>
    <ClInclude Include="chapter5.h">
      <Filter>헤더 파일\chapter5</Filter>
    </ClInclude>
    <ClInclude Include="chapter5_singleton_chocolate_boiler.h">
      <Filter>헤더 파일\chapter5</Filter>
    </ClInclude>
    <ClInclude Include="chapter6.h">
      <Filter>헤더 파일\chapter6</Filter>
    </ClInclude>
    <ClInclude Include="chapter6_simple_remote_command_interface.h">
      <Filter>헤더 파일\chapter6\simple_remote</Filter>
    </ClInclude>
    <ClInclude Include="chapter6_simple_remote_command.h">
      <Filter>헤더 파일\chapter6\simple_remote</Filter>
    </ClInclude>
    <ClInclude Include="chapter6_simple_remote_api.h">
      <Filter>헤더 파일\chapter6\simple_remote</Filter>
    </ClInclude>
    <ClInclude Include="chapter6_simple_remote_control.h">
      <Filter>헤더 파일\chapter6\simple_remote</Filter>
    </ClInclude>
    <ClInclude Include="chapter6_remote_command_interface.h">
      <Filter>헤더 파일\chapter6\remote</Filter>
    </ClInclude>
    <ClInclude Include="chapter6_remote_command.h">
      <Filter>헤더 파일\chapter6\remote</Filter>
    </ClInclude>
    <ClInclude Include="chapter6_remote_api.h">
      <Filter>헤더 파일\chapter6\remote</Filter>
    </ClInclude>
    <ClInclude Include="chapter6_remote_control.h">
      <Filter>헤더 파일\chapter6\remote</Filter>
    </ClInclude>
    <ClInclude Include="chapter6_remote_with_undo_command_interface.h">
      <Filter>헤더 파일\chapter6\remote_with_undo</Filter>
    </ClInclude>
    <ClInclude Include="chapter6_remote_with_undo_command.h">
      <Filter>헤더 파일\chapter6\remote_with_undo</Filter>
    </ClInclude>
    <ClInclude Include="chapter6_remote_with_undo_api.h">
      <Filter>헤더 파일\chapter6\remote_with_undo</Filter>
    </ClInclude>
    <ClInclude Include="chapter6_remote_with_undo_control.h">
      <Filter>헤더 파일\chapter6\remote_with_undo</Filter>
    </ClInclude>
    <ClInclude Include="chapter6_macro_api.h">
      <Filter>헤더 파일\chapter6\macro</Filter>
    </ClInclude>
    <ClInclude Include="chapter6_macro_command_interface.h">
      <Filter>헤더 파일\chapter6\macro</Filter>
    </ClInclude>
    <ClInclude Include="chapter6_macro_command.h">
      <Filter>헤더 파일\chapter6\macro</Filter>
    </ClInclude>
    <ClInclude Include="chapter6_macro_control.h">
      <Filter>헤더 파일\chapter6\macro</Filter>
    </ClInclude>
    <ClInclude Include="chapter7.h">
      <Filter>헤더 파일\chapter7</Filter>
    </ClInclude>
    <ClInclude Include="chapter7_object_adapter_duck_interface.h">
      <Filter>헤더 파일\chapter7\object_adapter</Filter>
    </ClInclude>
    <ClInclude Include="chapter7_object_adapter_turkey_interface.h">
      <Filter>헤더 파일\chapter7\object_adapter</Filter>
    </ClInclude>
    <ClInclude Include="chapter7_object_adapter_duck.h">
      <Filter>헤더 파일\chapter7\object_adapter</Filter>
    </ClInclude>
    <ClInclude Include="chapter7_object_adapter_turkey.h">
      <Filter>헤더 파일\chapter7\object_adapter</Filter>
    </ClInclude>
    <ClInclude Include="chapter7_object_adapter.h">
      <Filter>헤더 파일\chapter7\object_adapter</Filter>
    </ClInclude>
    <ClInclude Include="chapter7_class_adapter_turkey_interface.h">
      <Filter>헤더 파일\chapter7\class_adapter</Filter>
    </ClInclude>
    <ClInclude Include="chapter7_class_adapter_duck_interface.h">
      <Filter>헤더 파일\chapter7\class_adapter</Filter>
    </ClInclude>
    <ClInclude Include="chapter7_class_adapter_turkey.h">
      <Filter>헤더 파일\chapter7\class_adapter</Filter>
    </ClInclude>
    <ClInclude Include="chapter7_class_adapter_duck.h">
      <Filter>헤더 파일\chapter7\class_adapter</Filter>
    </ClInclude>
    <ClInclude Include="chapter7_class_adapter.h">
      <Filter>헤더 파일\chapter7\class_adapter</Filter>
    </ClInclude>
    <ClInclude Include="chapter7_facade_system.h">
      <Filter>헤더 파일\chapter7\facade</Filter>
    </ClInclude>
    <ClInclude Include="chapter7_facade.h">
      <Filter>헤더 파일\chapter7\facade</Filter>
    </ClInclude>
    <ClInclude Include="chapter8.h">
      <Filter>헤더 파일\chapter8</Filter>
    </ClInclude>
    <ClInclude Include="chapter8_template.h">
      <Filter>헤더 파일\chapter8</Filter>
    </ClInclude>
    <ClInclude Include="chapter8_beverage.h">
      <Filter>헤더 파일\chapter8</Filter>
    </ClInclude>
    <ClInclude Include="chapter9.h">
      <Filter>헤더 파일\chapter9</Filter>
    </ClInclude>
    <ClInclude Include="chapter9_iterator_interface.h">
      <Filter>헤더 파일\chapter9\iterator</Filter>
    </ClInclude>
    <ClInclude Include="chapter9_iterator_menu_item.h">
      <Filter>헤더 파일\chapter9\iterator</Filter>
    </ClInclude>
    <ClInclude Include="chapter9_iterator_menu_interface.h">
      <Filter>헤더 파일\chapter9\iterator</Filter>
    </ClInclude>
    <ClInclude Include="chapter9_iterator.h">
      <Filter>헤더 파일\chapter9\iterator</Filter>
    </ClInclude>
    <ClInclude Include="chapter9_iterator_menu.h">
      <Filter>헤더 파일\chapter9\iterator</Filter>
    </ClInclude>
    <ClInclude Include="chapter9_iterator_waitress.h">
      <Filter>헤더 파일\chapter9\iterator</Filter>
    </ClInclude>
    <ClInclude Include="chapter9_composite_menu_component.h">
      <Filter>헤더 파일\chapter9\composite</Filter>
    </ClInclude>
    <ClInclude Include="chapter9_composite_menu_item.h">
      <Filter>헤더 파일\chapter9\composite</Filter>
    </ClInclude>
    <ClInclude Include="chapter9_composite_menu.h">
      <Filter>헤더 파일\chapter9\composite</Filter>
    </ClInclude>
    <ClInclude Include="chapter9_composite_waitress.h">
      <Filter>헤더 파일\chapter9\composite</Filter>
    </ClInclude>
  </ItemGroup>
</Project>